
Microsoft Visual Studio Solution File, Format Version 12.00
# Visual Studio Version 17
VisualStudioVersion = 17.1.32228.430
MinimumVisualStudioVersion = 10.0.40219.1
Project("{FAE04EC0-301F-11D3-BF4B-00C04F79EFBC}") = "ControleMedicamentos.ConsoleApp", "ControleMedicamentos.ConsoleApp\ControleMedicamentos.ConsoleApp.csproj", "{E9B069FC-E581-42D1-9519-803113DD539C}"
EndProject
Global
	GlobalSection(SolutionConfigurationPlatforms) = preSolution
		Debug|Any CPU = Debug|Any CPU
		Release|Any CPU = Release|Any CPU
	EndGlobalSection
	GlobalSection(ProjectConfigurationPlatforms) = postSolution
		{E9B069FC-E581-42D1-9519-803113DD539C}.Debug|Any CPU.ActiveCfg = Debug|Any CPU
		{E9B069FC-E581-42D1-9519-803113DD539C}.Debug|Any CPU.Build.0 = Debug|Any CPU
		{E9B069FC-E581-42D1-9519-803113DD539C}.Release|Any CPU.ActiveCfg = Release|Any CPU
		{E9B069FC-E581-42D1-9519-803113DD539C}.Release|Any CPU.Build.0 = Release|Any CPU
	EndGlobalSection
	GlobalSection(SolutionProperties) = preSolution
		HideSolutionNode = FALSE
	EndGlobalSection
	GlobalSection(ExtensibilityGlobals) = postSolution
		SolutionGuid = {F0B5FDD5-C61F-4880-9895-35DDE39F61BD}
	EndGlobalSection
EndGlobal
